
Microsoft Visual Studio Solution File, Format Version 12.00
# Visual Studio Version 17
VisualStudioVersion = 17.14.36301.6
MinimumVisualStudioVersion = 10.0.40219.1
Project("{FAE04EC0-301F-11D3-BF4B-00C04F79EFBC}") = "blazorwasm", "blazorwasm\blazorwasm.csproj", "{30582027-85FF-454F-B2E5-402B0710B599}"
EndProject
Global
	GlobalSection(SolutionConfigurationPlatforms) = preSolution
		Debug|Any CPU = Debug|Any CPU
		Release|Any CPU = Release|Any CPU
	EndGlobalSection
	GlobalSection(ProjectConfigurationPlatforms) = postSolution
		{30582027-85FF-454F-B2E5-402B0710B599}.Debug|Any CPU.ActiveCfg = Debug|Any CPU
		{30582027-85FF-454F-B2E5-402B0710B599}.Debug|Any CPU.Build.0 = Debug|Any CPU
		{30582027-85FF-454F-B2E5-402B0710B599}.Release|Any CPU.ActiveCfg = Release|Any CPU
		{30582027-85FF-454F-B2E5-402B0710B599}.Release|Any CPU.Build.0 = Release|Any CPU
	EndGlobalSection
	GlobalSection(SolutionProperties) = preSolution
		HideSolutionNode = FALSE
	EndGlobalSection
	GlobalSection(ExtensibilityGlobals) = postSolution
		SolutionGuid = {C32E5381-6614-4D2A-8AF3-B79354BFD04D}
	EndGlobalSection
EndGlobal
